// !$*UTF8*$!
{
	archiveVersion = 1;
	classes = {
	};
	objectVersion = 56;
	objects = {

/* Begin PBXBuildFile section */
		04BBE6FE29B6128A00E2BEBF /* AppDelegate.swift in Sources */ = {isa = PBXBuildFile; fileRef = 04BBE6FD29B6128A00E2BEBF /* AppDelegate.swift */; };
		04BBE70029B6128A00E2BEBF /* SceneDelegate.swift in Sources */ = {isa = PBXBuildFile; fileRef = 04BBE6FF29B6128A00E2BEBF /* SceneDelegate.swift */; };
		04BBE70229B6128A00E2BEBF /* ViewController.swift in Sources */ = {isa = PBXBuildFile; fileRef = 04BBE70129B6128A00E2BEBF /* ViewController.swift */; };
		04BBE70529B6128A00E2BEBF /* Main.storyboard in Resources */ = {isa = PBXBuildFile; fileRef = 04BBE70329B6128A00E2BEBF /* Main.storyboard */; };
		04BBE70729B6128C00E2BEBF /* Assets.xcassets in Resources */ = {isa = PBXBuildFile; fileRef = 04BBE70629B6128C00E2BEBF /* Assets.xcassets */; };
		04BBE70A29B6128C00E2BEBF /* LaunchScreen.storyboard in Resources */ = {isa = PBXBuildFile; fileRef = 04BBE70829B6128C00E2BEBF /* LaunchScreen.storyboard */; };
		04BBE71529B6128C00E2BEBF /* pomodoroTests.swift in Sources */ = {isa = PBXBuildFile; fileRef = 04BBE71429B6128C00E2BEBF /* pomodoroTests.swift */; };
		04BBE71F29B6128C00E2BEBF /* pomodoroUITests.swift in Sources */ = {isa = PBXBuildFile; fileRef = 04BBE71E29B6128C00E2BEBF /* pomodoroUITests.swift */; };
		04BBE72129B6128C00E2BEBF /* pomodoroUITestsLaunchTests.swift in Sources */ = {isa = PBXBuildFile; fileRef = 04BBE72029B6128C00E2BEBF /* pomodoroUITestsLaunchTests.swift */; };
/* End PBXBuildFile section */

/* Begin PBXContainerItemProxy section */
		04BBE71129B6128C00E2BEBF /* PBXContainerItemProxy */ = {
			isa = PBXContainerItemProxy;
			containerPortal = 04BBE6F229B6128A00E2BEBF /* Project object */;
			proxyType = 1;
			remoteGlobalIDString = 04BBE6F929B6128A00E2BEBF;
			remoteInfo = pomodoro;
		};
		04BBE71B29B6128C00E2BEBF /* PBXContainerItemProxy */ = {
			isa = PBXContainerItemProxy;
			containerPortal = 04BBE6F229B6128A00E2BEBF /* Project object */;
			proxyType = 1;
			remoteGlobalIDString = 04BBE6F929B6128A00E2BEBF;
			remoteInfo = pomodoro;
		};
/* End PBXContainerItemProxy section */

/* Begin PBXFileReference section */
		04BBE6FA29B6128A00E2BEBF /* pomodoro.app */ = {isa = PBXFileReference; explicitFileType = wrapper.application; includeInIndex = 0; path = pomodoro.app; sourceTree = BUILT_PRODUCTS_DIR; };
		04BBE6FD29B6128A00E2BEBF /* AppDelegate.swift */ = {isa = PBXFileReference; lastKnownFileType = sourcecode.swift; path = AppDelegate.swift; sourceTree = "<group>"; };
		04BBE6FF29B6128A00E2BEBF /* SceneDelegate.swift */ = {isa = PBXFileReference; lastKnownFileType = sourcecode.swift; path = SceneDelegate.swift; sourceTree = "<group>"; };
		04BBE70129B6128A00E2BEBF /* ViewController.swift */ = {isa = PBXFileReference; lastKnownFileType = sourcecode.swift; path = ViewController.swift; sourceTree = "<group>"; };
		04BBE70429B6128A00E2BEBF /* Base */ = {isa = PBXFileReference; lastKnownFileType = file.storyboard; name = Base; path = Base.lproj/Main.storyboard; sourceTree = "<group>"; };
		04BBE70629B6128C00E2BEBF /* Assets.xcassets */ = {isa = PBXFileReference; lastKnownFileType = folder.assetcatalog; path = Assets.xcassets; sourceTree = "<group>"; };
		04BBE70929B6128C00E2BEBF /* Base */ = {isa = PBXFileReference; lastKnownFileType = file.storyboard; name = Base; path = Base.lproj/LaunchScreen.storyboard; sourceTree = "<group>"; };
		04BBE70B29B6128C00E2BEBF /* Info.plist */ = {isa = PBXFileReference; lastKnownFileType = text.plist.xml; path = Info.plist; sourceTree = "<group>"; };
		04BBE71029B6128C00E2BEBF /* pomodoroTests.xctest */ = {isa = PBXFileReference; explicitFileType = wrapper.cfbundle; includeInIndex = 0; path = pomodoroTests.xctest; sourceTree = BUILT_PRODUCTS_DIR; };
		04BBE71429B6128C00E2BEBF /* pomodoroTests.swift */ = {isa = PBXFileReference; lastKnownFileType = sourcecode.swift; path = pomodoroTests.swift; sourceTree = "<group>"; };
		04BBE71A29B6128C00E2BEBF /* pomodoroUITests.xctest */ = {isa = PBXFileReference; explicitFileType = wrapper.cfbundle; includeInIndex = 0; path = pomodoroUITests.xctest; sourceTree = BUILT_PRODUCTS_DIR; };
		04BBE71E29B6128C00E2BEBF /* pomodoroUITests.swift */ = {isa = PBXFileReference; lastKnownFileType = sourcecode.swift; path = pomodoroUITests.swift; sourceTree = "<group>"; };
		04BBE72029B6128C00E2BEBF /* pomodoroUITestsLaunchTests.swift */ = {isa = PBXFileReference; lastKnownFileType = sourcecode.swift; path = pomodoroUITestsLaunchTests.swift; sourceTree = "<group>"; };
/* End PBXFileReference section */

/* Begin PBXFrameworksBuildPhase section */
		04BBE6F729B6128A00E2BEBF /* Frameworks */ = {
			isa = PBXFrameworksBuildPhase;
			buildActionMask = 2147483647;
			files = (
			);
			runOnlyForDeploymentPostprocessing = 0;
		};
		04BBE70D29B6128C00E2BEBF /* Frameworks */ = {
			isa = PBXFrameworksBuildPhase;
			buildActionMask = 2147483647;
			files = (
			);
			runOnlyForDeploymentPostprocessing = 0;
		};
		04BBE71729B6128C00E2BEBF /* Frameworks */ = {
			isa = PBXFrameworksBuildPhase;
			buildActionMask = 2147483647;
			files = (
			);
			runOnlyForDeploymentPostprocessing = 0;
		};
/* End PBXFrameworksBuildPhase section */

/* Begin PBXGroup section */
		04BBE6F129B6128A00E2BEBF = {
			isa = PBXGroup;
			children = (
				04BBE6FC29B6128A00E2BEBF /* pomodoro */,
				04BBE71329B6128C00E2BEBF /* pomodoroTests */,
				04BBE71D29B6128C00E2BEBF /* pomodoroUITests */,
				04BBE6FB29B6128A00E2BEBF /* Products */,
			);
			sourceTree = "<group>";
		};
		04BBE6FB29B6128A00E2BEBF /* Products */ = {
			isa = PBXGroup;
			children = (
				04BBE6FA29B6128A00E2BEBF /* pomodoro.app */,
				04BBE71029B6128C00E2BEBF /* pomodoroTests.xctest */,
				04BBE71A29B6128C00E2BEBF /* pomodoroUITests.xctest */,
			);
			name = Products;
			sourceTree = "<group>";
		};
		04BBE6FC29B6128A00E2BEBF /* pomodoro */ = {
			isa = PBXGroup;
			children = (
				04BBE6FD29B6128A00E2BEBF /* AppDelegate.swift */,
				04BBE6FF29B6128A00E2BEBF /* SceneDelegate.swift */,
				04BBE70129B6128A00E2BEBF /* ViewController.swift */,
				04BBE70329B6128A00E2BEBF /* Main.storyboard */,
				04BBE70629B6128C00E2BEBF /* Assets.xcassets */,
				04BBE70829B6128C00E2BEBF /* LaunchScreen.storyboard */,
				04BBE70B29B6128C00E2BEBF /* Info.plist */,
			);
			path = pomodoro;
			sourceTree = "<group>";
		};
		04BBE71329B6128C00E2BEBF /* pomodoroTests */ = {
			isa = PBXGroup;
			children = (
				04BBE71429B6128C00E2BEBF /* pomodoroTests.swift */,
			);
			path = pomodoroTests;
			sourceTree = "<group>";
		};
		04BBE71D29B6128C00E2BEBF /* pomodoroUITests */ = {
			isa = PBXGroup;
			children = (
				04BBE71E29B6128C00E2BEBF /* pomodoroUITests.swift */,
				04BBE72029B6128C00E2BEBF /* pomodoroUITestsLaunchTests.swift */,
			);
			path = pomodoroUITests;
			sourceTree = "<group>";
		};
/* End PBXGroup section */

/* Begin PBXNativeTarget section */
		04BBE6F929B6128A00E2BEBF /* pomodoro */ = {
			isa = PBXNativeTarget;
			buildConfigurationList = 04BBE72429B6128C00E2BEBF /* Build configuration list for PBXNativeTarget "pomodoro" */;
			buildPhases = (
				04BBE6F629B6128A00E2BEBF /* Sources */,
				04BBE6F729B6128A00E2BEBF /* Frameworks */,
				04BBE6F829B6128A00E2BEBF /* Resources */,
			);
			buildRules = (
			);
			dependencies = (
			);
			name = pomodoro;
			productName = pomodoro;
			productReference = 04BBE6FA29B6128A00E2BEBF /* pomodoro.app */;
			productType = "com.apple.product-type.application";
		};
		04BBE70F29B6128C00E2BEBF /* pomodoroTests */ = {
			isa = PBXNativeTarget;
			buildConfigurationList = 04BBE72729B6128C00E2BEBF /* Build configuration list for PBXNativeTarget "pomodoroTests" */;
			buildPhases = (
				04BBE70C29B6128C00E2BEBF /* Sources */,
				04BBE70D29B6128C00E2BEBF /* Frameworks */,
				04BBE70E29B6128C00E2BEBF /* Resources */,
			);
			buildRules = (
			);
			dependencies = (
				04BBE71229B6128C00E2BEBF /* PBXTargetDependency */,
			);
			name = pomodoroTests;
			productName = pomodoroTests;
			productReference = 04BBE71029B6128C00E2BEBF /* pomodoroTests.xctest */;
			productType = "com.apple.product-type.bundle.unit-test";
		};
		04BBE71929B6128C00E2BEBF /* pomodoroUITests */ = {
			isa = PBXNativeTarget;
			buildConfigurationList = 04BBE72A29B6128C00E2BEBF /* Build configuration list for PBXNativeTarget "pomodoroUITests" */;
			buildPhases = (
				04BBE71629B6128C00E2BEBF /* Sources */,
				04BBE71729B6128C00E2BEBF /* Frameworks */,
				04BBE71829B6128C00E2BEBF /* Resources */,
			);
			buildRules = (
			);
			dependencies = (
				04BBE71C29B6128C00E2BEBF /* PBXTargetDependency */,
			);
			name = pomodoroUITests;
			productName = pomodoroUITests;
			productReference = 04BBE71A29B6128C00E2BEBF /* pomodoroUITests.xctest */;
			productType = "com.apple.product-type.bundle.ui-testing";
		};
/* End PBXNativeTarget section */

/* Begin PBXProject section */
		04BBE6F229B6128A00E2BEBF /* Project object */ = {
			isa = PBXProject;
			attributes = {
				BuildIndependentTargetsInParallel = 1;
				LastSwiftUpdateCheck = 1420;
				LastUpgradeCheck = 1420;
				TargetAttributes = {
					04BBE6F929B6128A00E2BEBF = {
						CreatedOnToolsVersion = 14.2;
					};
					04BBE70F29B6128C00E2BEBF = {
						CreatedOnToolsVersion = 14.2;
						TestTargetID = 04BBE6F929B6128A00E2BEBF;
					};
					04BBE71929B6128C00E2BEBF = {
						CreatedOnToolsVersion = 14.2;
						TestTargetID = 04BBE6F929B6128A00E2BEBF;
					};
				};
			};
			buildConfigurationList = 04BBE6F529B6128A00E2BEBF /* Build configuration list for PBXProject "pomodoro" */;
			compatibilityVersion = "Xcode 14.0";
			developmentRegion = en;
			hasScannedForEncodings = 0;
			knownRegions = (
				en,
				Base,
			);
			mainGroup = 04BBE6F129B6128A00E2BEBF;
			productRefGroup = 04BBE6FB29B6128A00E2BEBF /* Products */;
			projectDirPath = "";
			projectRoot = "";
			targets = (
				04BBE6F929B6128A00E2BEBF /* pomodoro */,
				04BBE70F29B6128C00E2BEBF /* pomodoroTests */,
				04BBE71929B6128C00E2BEBF /* pomodoroUITests */,
			);
		};
/* End PBXProject section */

/* Begin PBXResourcesBuildPhase section */
		04BBE6F829B6128A00E2BEBF /* Resources */ = {
			isa = PBXResourcesBuildPhase;
			buildActionMask = 2147483647;
			files = (
				04BBE70A29B6128C00E2BEBF /* LaunchScreen.storyboard in Resources */,
				04BBE70729B6128C00E2BEBF /* Assets.xcassets in Resources */,
				04BBE70529B6128A00E2BEBF /* Main.storyboard in Resources */,
			);
			runOnlyForDeploymentPostprocessing = 0;
		};
		04BBE70E29B6128C00E2BEBF /* Resources */ = {
			isa = PBXResourcesBuildPhase;
			buildActionMask = 2147483647;
			files = (
			);
			runOnlyForDeploymentPostprocessing = 0;
		};
		04BBE71829B6128C00E2BEBF /* Resources */ = {
			isa = PBXResourcesBuildPhase;
			buildActionMask = 2147483647;
			files = (
			);
			runOnlyForDeploymentPostprocessing = 0;
		};
/* End PBXResourcesBuildPhase section */

/* Begin PBXSourcesBuildPhase section */
		04BBE6F629B6128A00E2BEBF /* Sources */ = {
			isa = PBXSourcesBuildPhase;
			buildActionMask = 2147483647;
			files = (
				04BBE70229B6128A00E2BEBF /* ViewController.swift in Sources */,
				04BBE6FE29B6128A00E2BEBF /* AppDelegate.swift in Sources */,
				04BBE70029B6128A00E2BEBF /* SceneDelegate.swift in Sources */,
			);
			runOnlyForDeploymentPostprocessing = 0;
		};
		04BBE70C29B6128C00E2BEBF /* Sources */ = {
			isa = PBXSourcesBuildPhase;
			buildActionMask = 2147483647;
			files = (
				04BBE71529B6128C00E2BEBF /* pomodoroTests.swift in Sources */,
			);
			runOnlyForDeploymentPostprocessing = 0;
		};
		04BBE71629B6128C00E2BEBF /* Sources */ = {
			isa = PBXSourcesBuildPhase;
			buildActionMask = 2147483647;
			files = (
				04BBE72129B6128C00E2BEBF /* pomodoroUITestsLaunchTests.swift in Sources */,
				04BBE71F29B6128C00E2BEBF /* pomodoroUITests.swift in Sources */,
			);
			runOnlyForDeploymentPostprocessing = 0;
		};
/* End PBXSourcesBuildPhase section */

/* Begin PBXTargetDependency section */
		04BBE71229B6128C00E2BEBF /* PBXTargetDependency */ = {
			isa = PBXTargetDependency;
			target = 04BBE6F929B6128A00E2BEBF /* pomodoro */;
			targetProxy = 04BBE71129B6128C00E2BEBF /* PBXContainerItemProxy */;
		};
		04BBE71C29B6128C00E2BEBF /* PBXTargetDependency */ = {
			isa = PBXTargetDependency;
			target = 04BBE6F929B6128A00E2BEBF /* pomodoro */;
			targetProxy = 04BBE71B29B6128C00E2BEBF /* PBXContainerItemProxy */;
		};
/* End PBXTargetDependency section */

/* Begin PBXVariantGroup section */
		04BBE70329B6128A00E2BEBF /* Main.storyboard */ = {
			isa = PBXVariantGroup;
			children = (
				04BBE70429B6128A00E2BEBF /* Base */,
			);
			name = Main.storyboard;
			sourceTree = "<group>";
		};
		04BBE70829B6128C00E2BEBF /* LaunchScreen.storyboard */ = {
			isa = PBXVariantGroup;
			children = (
				04BBE70929B6128C00E2BEBF /* Base */,
			);
			name = LaunchScreen.storyboard;
			sourceTree = "<group>";
		};
/* End PBXVariantGroup section */

/* Begin XCBuildConfiguration section */
		04BBE72229B6128C00E2BEBF /* Debug */ = {
			isa = XCBuildConfiguration;
			buildSettings = {
				ALWAYS_SEARCH_USER_PATHS = NO;
				CLANG_ANALYZER_NONNULL = YES;
				CLANG_ANALYZER_NUMBER_OBJECT_CONVERSION = YES_AGGRESSIVE;
				CLANG_CXX_LANGUAGE_STANDARD = "gnu++20";
				CLANG_ENABLE_MODULES = YES;
				CLANG_ENABLE_OBJC_ARC = YES;
				CLANG_ENABLE_OBJC_WEAK = YES;
				CLANG_WARN_BLOCK_CAPTURE_AUTORELEASING = YES;
				CLANG_WARN_BOOL_CONVERSION = YES;
				CLANG_WARN_COMMA = YES;
				CLANG_WARN_CONSTANT_CONVERSION = YES;
				CLANG_WARN_DEPRECATED_OBJC_IMPLEMENTATIONS = YES;
				CLANG_WARN_DIRECT_OBJC_ISA_USAGE = YES_ERROR;
				CLANG_WARN_DOCUMENTATION_COMMENTS = YES;
				CLANG_WARN_EMPTY_BODY = YES;
				CLANG_WARN_ENUM_CONVERSION = YES;
				CLANG_WARN_INFINITE_RECURSION = YES;
				CLANG_WARN_INT_CONVERSION = YES;
				CLANG_WARN_NON_LITERAL_NULL_CONVERSION = YES;
				CLANG_WARN_OBJC_IMPLICIT_RETAIN_SELF = YES;
				CLANG_WARN_OBJC_LITERAL_CONVERSION = YES;
				CLANG_WARN_OBJC_ROOT_CLASS = YES_ERROR;
				CLANG_WARN_QUOTED_INCLUDE_IN_FRAMEWORK_HEADER = YES;
				CLANG_WARN_RANGE_LOOP_ANALYSIS = YES;
				CLANG_WARN_STRICT_PROTOTYPES = YES;
				CLANG_WARN_SUSPICIOUS_MOVE = YES;
				CLANG_WARN_UNGUARDED_AVAILABILITY = YES_AGGRESSIVE;
				CLANG_WARN_UNREACHABLE_CODE = YES;
				CLANG_WARN__DUPLICATE_METHOD_MATCH = YES;
				COPY_PHASE_STRIP = NO;
				DEBUG_INFORMATION_FORMAT = dwarf;
				ENABLE_STRICT_OBJC_MSGSEND = YES;
				ENABLE_TESTABILITY = YES;
				GCC_C_LANGUAGE_STANDARD = gnu11;
				GCC_DYNAMIC_NO_PIC = NO;
				GCC_NO_COMMON_BLOCKS = YES;
				GCC_OPTIMIZATION_LEVEL = 0;
				GCC_PREPROCESSOR_DEFINITIONS = (
					"DEBUG=1",
					"$(inherited)",
				);
				GCC_WARN_64_TO_32_BIT_CONVERSION = YES;
				GCC_WARN_ABOUT_RETURN_TYPE = YES_ERROR;
				GCC_WARN_UNDECLARED_SELECTOR = YES;
				GCC_WARN_UNINITIALIZED_AUTOS = YES_AGGRESSIVE;
				GCC_WARN_UNUSED_FUNCTION = YES;
				GCC_WARN_UNUSED_VARIABLE = YES;
				IPHONEOS_DEPLOYMENT_TARGET = 16.2;
				MTL_ENABLE_DEBUG_INFO = INCLUDE_SOURCE;
				MTL_FAST_MATH = YES;
				ONLY_ACTIVE_ARCH = YES;
				SDKROOT = iphoneos;
				SWIFT_ACTIVE_COMPILATION_CONDITIONS = DEBUG;
				SWIFT_OPTIMIZATION_LEVEL = "-Onone";
			};
			name = Debug;
		};
		04BBE72329B6128C00E2BEBF /* Release */ = {
			isa = XCBuildConfiguration;
			buildSettings = {
				ALWAYS_SEARCH_USER_PATHS = NO;
				CLANG_ANALYZER_NONNULL = YES;
				CLANG_ANALYZER_NUMBER_OBJECT_CONVERSION = YES_AGGRESSIVE;
				CLANG_CXX_LANGUAGE_STANDARD = "gnu++20";
				CLANG_ENABLE_MODULES = YES;
				CLANG_ENABLE_OBJC_ARC = YES;
				CLANG_ENABLE_OBJC_WEAK = YES;
				CLANG_WARN_BLOCK_CAPTURE_AUTORELEASING = YES;
				CLANG_WARN_BOOL_CONVERSION = YES;
				CLANG_WARN_COMMA = YES;
				CLANG_WARN_CONSTANT_CONVERSION = YES;
				CLANG_WARN_DEPRECATED_OBJC_IMPLEMENTATIONS = YES;
				CLANG_WARN_DIRECT_OBJC_ISA_USAGE = YES_ERROR;
				CLANG_WARN_DOCUMENTATION_COMMENTS = YES;
				CLANG_WARN_EMPTY_BODY = YES;
				CLANG_WARN_ENUM_CONVERSION = YES;
				CLANG_WARN_INFINITE_RECURSION = YES;
				CLANG_WARN_INT_CONVERSION = YES;
				CLANG_WARN_NON_LITERAL_NULL_CONVERSION = YES;
				CLANG_WARN_OBJC_IMPLICIT_RETAIN_SELF = YES;
				CLANG_WARN_OBJC_LITERAL_CONVERSION = YES;
				CLANG_WARN_OBJC_ROOT_CLASS = YES_ERROR;
				CLANG_WARN_QUOTED_INCLUDE_IN_FRAMEWORK_HEADER = YES;
				CLANG_WARN_RANGE_LOOP_ANALYSIS = YES;
				CLANG_WARN_STRICT_PROTOTYPES = YES;
				CLANG_WARN_SUSPICIOUS_MOVE = YES;
				CLANG_WARN_UNGUARDED_AVAILABILITY = YES_AGGRESSIVE;
				CLANG_WARN_UNREACHABLE_CODE = YES;
				CLANG_WARN__DUPLICATE_METHOD_MATCH = YES;
				COPY_PHASE_STRIP = NO;
				DEBUG_INFORMATION_FORMAT = "dwarf-with-dsym";
				ENABLE_NS_ASSERTIONS = NO;
				ENABLE_STRICT_OBJC_MSGSEND = YES;
				GCC_C_LANGUAGE_STANDARD = gnu11;
				GCC_NO_COMMON_BLOCKS = YES;
				GCC_WARN_64_TO_32_BIT_CONVERSION = YES;
				GCC_WARN_ABOUT_RETURN_TYPE = YES_ERROR;
				GCC_WARN_UNDECLARED_SELECTOR = YES;
				GCC_WARN_UNINITIALIZED_AUTOS = YES_AGGRESSIVE;
				GCC_WARN_UNUSED_FUNCTION = YES;
				GCC_WARN_UNUSED_VARIABLE = YES;
				IPHONEOS_DEPLOYMENT_TARGET = 16.2;
				MTL_ENABLE_DEBUG_INFO = NO;
				MTL_FAST_MATH = YES;
				SDKROOT = iphoneos;
				SWIFT_COMPILATION_MODE = wholemodule;
				SWIFT_OPTIMIZATION_LEVEL = "-O";
				VALIDATE_PRODUCT = YES;
			};
			name = Release;
		};
		04BBE72529B6128C00E2BEBF /* Debug */ = {
			isa = XCBuildConfiguration;
			buildSettings = {
				ASSETCATALOG_COMPILER_APPICON_NAME = AppIcon;
				ASSETCATALOG_COMPILER_GLOBAL_ACCENT_COLOR_NAME = AccentColor;
				CODE_SIGN_STYLE = Automatic;
				CURRENT_PROJECT_VERSION = 1;
				DEVELOPMENT_TEAM = C228F79P72;
				GENERATE_INFOPLIST_FILE = YES;
				INFOPLIST_FILE = pomodoro/Info.plist;
				INFOPLIST_KEY_UIApplicationSupportsIndirectInputEvents = YES;
				INFOPLIST_KEY_UILaunchStoryboardName = LaunchScreen;
				INFOPLIST_KEY_UIMainStoryboardFile = Main;
				INFOPLIST_KEY_UISupportedInterfaceOrientations_iPad = "UIInterfaceOrientationPortrait UIInterfaceOrientationPortraitUpsideDown UIInterfaceOrientationLandscapeLeft UIInterfaceOrientationLandscapeRight";
				INFOPLIST_KEY_UISupportedInterfaceOrientations_iPhone = "UIInterfaceOrientationPortrait UIInterfaceOrientationLandscapeLeft UIInterfaceOrientationLandscapeRight";
				LD_RUNPATH_SEARCH_PATHS = (
					"$(inherited)",
					"@executable_path/Frameworks",
				);
				MARKETING_VERSION = 1.0;
				PRODUCT_BUNDLE_IDENTIFIER = minsoo.pomodoro;
				PRODUCT_NAME = "$(TARGET_NAME)";
				SWIFT_EMIT_LOC_STRINGS = YES;
				SWIFT_VERSION = 5.0;
				TARGETED_DEVICE_FAMILY = "1,2";
			};
			name = Debug;
		};
		04BBE72629B6128C00E2BEBF /* Release */ = {
			isa = XCBuildConfiguration;
			buildSettings = {
				ASSETCATALOG_COMPILER_APPICON_NAME = AppIcon;
				ASSETCATALOG_COMPILER_GLOBAL_ACCENT_COLOR_NAME = AccentColor;
				CODE_SIGN_STYLE = Automatic;
				CURRENT_PROJECT_VERSION = 1;
				DEVELOPMENT_TEAM = C228F79P72;
				GENERATE_INFOPLIST_FILE = YES;
				INFOPLIST_FILE = pomodoro/Info.plist;
				INFOPLIST_KEY_UIApplicationSupportsIndirectInputEvents = YES;
				INFOPLIST_KEY_UILaunchStoryboardName = LaunchScreen;
				INFOPLIST_KEY_UIMainStoryboardFile = Main;
				INFOPLIST_KEY_UISupportedInterfaceOrientations_iPad = "UIInterfaceOrientationPortrait UIInterfaceOrientationPortraitUpsideDown UIInterfaceOrientationLandscapeLeft UIInterfaceOrientationLandscapeRight";
				INFOPLIST_KEY_UISupportedInterfaceOrientations_iPhone = "UIInterfaceOrientationPortrait UIInterfaceOrientationLandscapeLeft UIInterfaceOrientationLandscapeRight";
				LD_RUNPATH_SEARCH_PATHS = (
					"$(inherited)",
					"@executable_path/Frameworks",
				);
				MARKETING_VERSION = 1.0;
				PRODUCT_BUNDLE_IDENTIFIER = minsoo.pomodoro;
				PRODUCT_NAME = "$(TARGET_NAME)";
				SWIFT_EMIT_LOC_STRINGS = YES;
				SWIFT_VERSION = 5.0;
				TARGETED_DEVICE_FAMILY = "1,2";
			};
			name = Release;
		};
		04BBE72829B6128C00E2BEBF /* Debug */ = {
			isa = XCBuildConfiguration;
			buildSettings = {
				ALWAYS_EMBED_SWIFT_STANDARD_LIBRARIES = YES;
				BUNDLE_LOADER = "$(TEST_HOST)";
				CODE_SIGN_STYLE = Automatic;
				CURRENT_PROJECT_VERSION = 1;
				DEVELOPMENT_TEAM = C228F79P72;
				GENERATE_INFOPLIST_FILE = YES;
				IPHONEOS_DEPLOYMENT_TARGET = 16.2;
				MARKETING_VERSION = 1.0;
				PRODUCT_BUNDLE_IDENTIFIER = minsoo.pomodoroTests;
				PRODUCT_NAME = "$(TARGET_NAME)";
				SWIFT_EMIT_LOC_STRINGS = NO;
				SWIFT_VERSION = 5.0;
				TARGETED_DEVICE_FAMILY = "1,2";
				TEST_HOST = "$(BUILT_PRODUCTS_DIR)/pomodoro.app/$(BUNDLE_EXECUTABLE_FOLDER_PATH)/pomodoro";
			};
			name = Debug;
		};
		04BBE72929B6128C00E2BEBF /* Release */ = {
			isa = XCBuildConfiguration;
			buildSettings = {
				ALWAYS_EMBED_SWIFT_STANDARD_LIBRARIES = YES;
				BUNDLE_LOADER = "$(TEST_HOST)";
				CODE_SIGN_STYLE = Automatic;
				CURRENT_PROJECT_VERSION = 1;
				DEVELOPMENT_TEAM = C228F79P72;
				GENERATE_INFOPLIST_FILE = YES;
				IPHONEOS_DEPLOYMENT_TARGET = 16.2;
				MARKETING_VERSION = 1.0;
				PRODUCT_BUNDLE_IDENTIFIER = minsoo.pomodoroTests;
				PRODUCT_NAME = "$(TARGET_NAME)";
				SWIFT_EMIT_LOC_STRINGS = NO;
				SWIFT_VERSION = 5.0;
				TARGETED_DEVICE_FAMILY = "1,2";
				TEST_HOST = "$(BUILT_PRODUCTS_DIR)/pomodoro.app/$(BUNDLE_EXECUTABLE_FOLDER_PATH)/pomodoro";
			};
			name = Release;
		};
		04BBE72B29B6128C00E2BEBF /* Debug */ = {
			isa = XCBuildConfiguration;
			buildSettings = {
				ALWAYS_EMBED_SWIFT_STANDARD_LIBRARIES = YES;
				CODE_SIGN_STYLE = Automatic;
				CURRENT_PROJECT_VERSION = 1;
				DEVELOPMENT_TEAM = C228F79P72;
				GENERATE_INFOPLIST_FILE = YES;
				MARKETING_VERSION = 1.0;
				PRODUCT_BUNDLE_IDENTIFIER = minsoo.pomodoroUITests;
				PRODUCT_NAME = "$(TARGET_NAME)";
				SWIFT_EMIT_LOC_STRINGS = NO;
				SWIFT_VERSION = 5.0;
				TARGETED_DEVICE_FAMILY = "1,2";
				TEST_TARGET_NAME = pomodoro;
			};
			name = Debug;
		};
		04BBE72C29B6128C00E2BEBF /* Release */ = {
			isa = XCBuildConfiguration;
			buildSettings = {
				ALWAYS_EMBED_SWIFT_STANDARD_LIBRARIES = YES;
				CODE_SIGN_STYLE = Automatic;
				CURRENT_PROJECT_VERSION = 1;
				DEVELOPMENT_TEAM = C228F79P72;
				GENERATE_INFOPLIST_FILE = YES;
				MARKETING_VERSION = 1.0;
				PRODUCT_BUNDLE_IDENTIFIER = minsoo.pomodoroUITests;
				PRODUCT_NAME = "$(TARGET_NAME)";
				SWIFT_EMIT_LOC_STRINGS = NO;
				SWIFT_VERSION = 5.0;
				TARGETED_DEVICE_FAMILY = "1,2";
				TEST_TARGET_NAME = pomodoro;
			};
			name = Release;
		};
/* End XCBuildConfiguration section */

/* Begin XCConfigurationList section */
		04BBE6F529B6128A00E2BEBF /* Build configuration list for PBXProject "pomodoro" */ = {
			isa = XCConfigurationList;
			buildConfigurations = (
				04BBE72229B6128C00E2BEBF /* Debug */,
				04BBE72329B6128C00E2BEBF /* Release */,
			);
			defaultConfigurationIsVisible = 0;
			defaultConfigurationName = Release;
		};
		04BBE72429B6128C00E2BEBF /* Build configuration list for PBXNativeTarget "pomodoro" */ = {
			isa = XCConfigurationList;
			buildConfigurations = (
				04BBE72529B6128C00E2BEBF /* Debug */,
				04BBE72629B6128C00E2BEBF /* Release */,
			);
			defaultConfigurationIsVisible = 0;
			defaultConfigurationName = Release;
		};
		04BBE72729B6128C00E2BEBF /* Build configuration list for PBXNativeTarget "pomodoroTests" */ = {
			isa = XCConfigurationList;
			buildConfigurations = (
				04BBE72829B6128C00E2BEBF /* Debug */,
				04BBE72929B6128C00E2BEBF /* Release */,
			);
			defaultConfigurationIsVisible = 0;
			defaultConfigurationName = Release;
		};
		04BBE72A29B6128C00E2BEBF /* Build configuration list for PBXNativeTarget "pomodoroUITests" */ = {
			isa = XCConfigurationList;
			buildConfigurations = (
				04BBE72B29B6128C00E2BEBF /* Debug */,
				04BBE72C29B6128C00E2BEBF /* Release */,
			);
			defaultConfigurationIsVisible = 0;
			defaultConfigurationName = Release;
		};
/* End XCConfigurationList section */
	};
	rootObject = 04BBE6F229B6128A00E2BEBF /* Project object */;
}
